
Microsoft Visual Studio Solution File, Format Version 12.00
# Visual Studio Version 16
VisualStudioVersion = 16.0.31229.75
MinimumVisualStudioVersion = 10.0.40219.1
Project("{FAE04EC0-301F-11D3-BF4B-00C04F79EFBC}") = "HackerRankTest4", "HackerRankTest4\HackerRankTest4.csproj", "{8FF922A2-20B7-4897-9D76-936E190F55D3}"
EndProject
Global
	GlobalSection(SolutionConfigurationPlatforms) = preSolution
		Debug|Any CPU = Debug|Any CPU
		Release|Any CPU = Release|Any CPU
	EndGlobalSection
	GlobalSection(ProjectConfigurationPlatforms) = postSolution
		{8FF922A2-20B7-4897-9D76-936E190F55D3}.Debug|Any CPU.ActiveCfg = Debug|Any CPU
		{8FF922A2-20B7-4897-9D76-936E190F55D3}.Debug|Any CPU.Build.0 = Debug|Any CPU
		{8FF922A2-20B7-4897-9D76-936E190F55D3}.Release|Any CPU.ActiveCfg = Release|Any CPU
		{8FF922A2-20B7-4897-9D76-936E190F55D3}.Release|Any CPU.Build.0 = Release|Any CPU
	EndGlobalSection
	GlobalSection(SolutionProperties) = preSolution
		HideSolutionNode = FALSE
	EndGlobalSection
	GlobalSection(ExtensibilityGlobals) = postSolution
		SolutionGuid = {F91CCC73-5AEF-4B44-8854-E552DE5EA725}
	EndGlobalSection
EndGlobal
